
Microsoft Visual Studio Solution File, Format Version 12.00
# Visual Studio Version 17
VisualStudioVersion = 17.6.33815.320
MinimumVisualStudioVersion = 10.0.40219.1
Project("{FAE04EC0-301F-11D3-BF4B-00C04F79EFBC}") = "MethodOverRiding", "MethodOverRiding.csproj", "{2D8E2382-CE27-45B1-A446-4A85F97E84F4}"
EndProject
Global
	GlobalSection(SolutionConfigurationPlatforms) = preSolution
		Debug|Any CPU = Debug|Any CPU
		Release|Any CPU = Release|Any CPU
	EndGlobalSection
	GlobalSection(ProjectConfigurationPlatforms) = postSolution
		{2D8E2382-CE27-45B1-A446-4A85F97E84F4}.Debug|Any CPU.ActiveCfg = Debug|Any CPU
		{2D8E2382-CE27-45B1-A446-4A85F97E84F4}.Debug|Any CPU.Build.0 = Debug|Any CPU
		{2D8E2382-CE27-45B1-A446-4A85F97E84F4}.Release|Any CPU.ActiveCfg = Release|Any CPU
		{2D8E2382-CE27-45B1-A446-4A85F97E84F4}.Release|Any CPU.Build.0 = Release|Any CPU
	EndGlobalSection
	GlobalSection(SolutionProperties) = preSolution
		HideSolutionNode = FALSE
	EndGlobalSection
	GlobalSection(ExtensibilityGlobals) = postSolution
		SolutionGuid = {FE51EEED-7D53-4838-B412-7AB64483D239}
	EndGlobalSection
EndGlobal
